
Microsoft Visual Studio Solution File, Format Version 12.00
# Visual Studio Version 16
VisualStudioVersion = 16.0.30011.22
MinimumVisualStudioVersion = 10.0.40219.1
Project("{9A19103F-16F7-4668-BE54-9A1E7A4F7556}") = "Web", "Web\Web.csproj", "{DBE04F97-33AD-4B8C-910A-679F31945A78}"
EndProject
Project("{E53339B2-1760-4266-BCC7-CA923CBCF16C}") = "docker-compose", "docker-compose.dcproj", "{2A5A0286-45F3-4A8D-9224-A5700FAD9DC3}"
EndProject
Project("{9A19103F-16F7-4668-BE54-9A1E7A4F7556}") = "BooksBase.DataAccess", "BooksBase.DataAccess\BooksBase.DataAccess.csproj", "{86E3833D-FA0E-4D43-91A5-140B0AE6D299}"
EndProject
Project("{9A19103F-16F7-4668-BE54-9A1E7A4F7556}") = "BooksBase.Models", "BooksBase.Models\BooksBase.Models.csproj", "{BC7F1F30-F198-4424-8B16-BC247A81861E}"
EndProject
Project("{9A19103F-16F7-4668-BE54-9A1E7A4F7556}") = "BooksBase.Shared", "BooksBase.Shared\BooksBase.Shared.csproj", "{7039DF70-2865-4DBC-98BC-2522E0CAB5AA}"
EndProject
Project("{9A19103F-16F7-4668-BE54-9A1E7A4F7556}") = "BooksBase.Infrastructure", "BooksBase.Infrastructure\BooksBase.Infrastructure.csproj", "{435F84FB-0D20-4483-86F0-2462C6F407C1}"
EndProject
Project("{9A19103F-16F7-4668-BE54-9A1E7A4F7556}") = "BooksBase.Migrations", "BooksBase.Migrations\BooksBase.Migrations.csproj", "{B2FFBD09-579D-497F-AC7E-C1859E695ADA}"
EndProject
Project("{9A19103F-16F7-4668-BE54-9A1E7A4F7556}") = "CoreFunctions", "CoreFunctions\CoreFunctions.csproj", "{50F76583-8603-460E-9AEC-C850DD1A430B}"
EndProject
Project("{FAE04EC0-301F-11D3-BF4B-00C04F79EFBC}") = "BooksBase.CoreFunctions", "BooksBase.CoreFunctions\BooksBase.CoreFunctions.csproj", "{EE8C185B-7AAD-463E-A5E2-967129067C7E}"
EndProject
Global
	GlobalSection(SolutionConfigurationPlatforms) = preSolution
		Debug|Any CPU = Debug|Any CPU
		Release|Any CPU = Release|Any CPU
	EndGlobalSection
	GlobalSection(ProjectConfigurationPlatforms) = postSolution
		{DBE04F97-33AD-4B8C-910A-679F31945A78}.Debug|Any CPU.ActiveCfg = Debug|Any CPU
		{DBE04F97-33AD-4B8C-910A-679F31945A78}.Debug|Any CPU.Build.0 = Debug|Any CPU
		{DBE04F97-33AD-4B8C-910A-679F31945A78}.Release|Any CPU.ActiveCfg = Release|Any CPU
		{DBE04F97-33AD-4B8C-910A-679F31945A78}.Release|Any CPU.Build.0 = Release|Any CPU
		{2A5A0286-45F3-4A8D-9224-A5700FAD9DC3}.Debug|Any CPU.ActiveCfg = Debug|Any CPU
		{2A5A0286-45F3-4A8D-9224-A5700FAD9DC3}.Debug|Any CPU.Build.0 = Debug|Any CPU
		{2A5A0286-45F3-4A8D-9224-A5700FAD9DC3}.Release|Any CPU.ActiveCfg = Release|Any CPU
		{2A5A0286-45F3-4A8D-9224-A5700FAD9DC3}.Release|Any CPU.Build.0 = Release|Any CPU
		{86E3833D-FA0E-4D43-91A5-140B0AE6D299}.Debug|Any CPU.ActiveCfg = Debug|Any CPU
		{86E3833D-FA0E-4D43-91A5-140B0AE6D299}.Debug|Any CPU.Build.0 = Debug|Any CPU
		{86E3833D-FA0E-4D43-91A5-140B0AE6D299}.Release|Any CPU.ActiveCfg = Release|Any CPU
		{86E3833D-FA0E-4D43-91A5-140B0AE6D299}.Release|Any CPU.Build.0 = Release|Any CPU
		{BC7F1F30-F198-4424-8B16-BC247A81861E}.Debug|Any CPU.ActiveCfg = Debug|Any CPU
		{BC7F1F30-F198-4424-8B16-BC247A81861E}.Debug|Any CPU.Build.0 = Debug|Any CPU
		{BC7F1F30-F198-4424-8B16-BC247A81861E}.Release|Any CPU.ActiveCfg = Release|Any CPU
		{BC7F1F30-F198-4424-8B16-BC247A81861E}.Release|Any CPU.Build.0 = Release|Any CPU
		{7039DF70-2865-4DBC-98BC-2522E0CAB5AA}.Debug|Any CPU.ActiveCfg = Debug|Any CPU
		{7039DF70-2865-4DBC-98BC-2522E0CAB5AA}.Debug|Any CPU.Build.0 = Debug|Any CPU
		{7039DF70-2865-4DBC-98BC-2522E0CAB5AA}.Release|Any CPU.ActiveCfg = Release|Any CPU
		{7039DF70-2865-4DBC-98BC-2522E0CAB5AA}.Release|Any CPU.Build.0 = Release|Any CPU
		{435F84FB-0D20-4483-86F0-2462C6F407C1}.Debug|Any CPU.ActiveCfg = Debug|Any CPU
		{435F84FB-0D20-4483-86F0-2462C6F407C1}.Debug|Any CPU.Build.0 = Debug|Any CPU
		{435F84FB-0D20-4483-86F0-2462C6F407C1}.Release|Any CPU.ActiveCfg = Release|Any CPU
		{435F84FB-0D20-4483-86F0-2462C6F407C1}.Release|Any CPU.Build.0 = Release|Any CPU
		{B2FFBD09-579D-497F-AC7E-C1859E695ADA}.Debug|Any CPU.ActiveCfg = Debug|Any CPU
		{B2FFBD09-579D-497F-AC7E-C1859E695ADA}.Debug|Any CPU.Build.0 = Debug|Any CPU
		{B2FFBD09-579D-497F-AC7E-C1859E695ADA}.Release|Any CPU.ActiveCfg = Release|Any CPU
		{B2FFBD09-579D-497F-AC7E-C1859E695ADA}.Release|Any CPU.Build.0 = Release|Any CPU
		{50F76583-8603-460E-9AEC-C850DD1A430B}.Debug|Any CPU.ActiveCfg = Debug|Any CPU
		{50F76583-8603-460E-9AEC-C850DD1A430B}.Debug|Any CPU.Build.0 = Debug|Any CPU
		{50F76583-8603-460E-9AEC-C850DD1A430B}.Release|Any CPU.ActiveCfg = Release|Any CPU
		{50F76583-8603-460E-9AEC-C850DD1A430B}.Release|Any CPU.Build.0 = Release|Any CPU
		{EE8C185B-7AAD-463E-A5E2-967129067C7E}.Debug|Any CPU.ActiveCfg = Debug|Any CPU
		{EE8C185B-7AAD-463E-A5E2-967129067C7E}.Debug|Any CPU.Build.0 = Debug|Any CPU
		{EE8C185B-7AAD-463E-A5E2-967129067C7E}.Release|Any CPU.ActiveCfg = Release|Any CPU
		{EE8C185B-7AAD-463E-A5E2-967129067C7E}.Release|Any CPU.Build.0 = Release|Any CPU
	EndGlobalSection
	GlobalSection(SolutionProperties) = preSolution
		HideSolutionNode = FALSE
	EndGlobalSection
	GlobalSection(ExtensibilityGlobals) = postSolution
		SolutionGuid = {A66A07E7-08C4-4353-976E-41E6128C3BB1}
	EndGlobalSection
EndGlobal
