
Microsoft Visual Studio Solution File, Format Version 12.00
# Visual Studio Version 16
VisualStudioVersion = 16.0.30011.22
MinimumVisualStudioVersion = 10.0.40219.1
Project("{9A19103F-16F7-4668-BE54-9A1E7A4F7556}") = "Web", "Web\Web.csproj", "{DBE04F97-33AD-4B8C-910A-679F31945A78}"
EndProject
Project("{E53339B2-1760-4266-BCC7-CA923CBCF16C}") = "docker-compose", "docker-compose.dcproj", "{2A5A0286-45F3-4A8D-9224-A5700FAD9DC3}"
EndProject
Project("{9A19103F-16F7-4668-BE54-9A1E7A4F7556}") = "BooksBase.DataAccess", "BooksBase.DataAccess\BooksBase.DataAccess.csproj", "{86E3833D-FA0E-4D43-91A5-140B0AE6D299}"
EndProject
Project("{9A19103F-16F7-4668-BE54-9A1E7A4F7556}") = "BooksBase.Models", "BooksBase.Models\BooksBase.Models.csproj", "{BC7F1F30-F198-4424-8B16-BC247A81861E}"
EndProject
Project("{9A19103F-16F7-4668-BE54-9A1E7A4F7556}") = "BooksBase.Shared", "BooksBase.Shared\BooksBase.Shared.csproj", "{7039DF70-2865-4DBC-98BC-2522E0CAB5AA}"
EndProject
Project("{9A19103F-16F7-4668-BE54-9A1E7A4F7556}") = "BooksBase.Infrastructure", "BooksBase.Infrastructure\BooksBase.Infrastructure.csproj", "{435F84FB-0D20-4483-86F0-2462C6F407C1}"
EndProject
Project("{9A19103F-16F7-4668-BE54-9A1E7A4F7556}") = "BooksBase.Migrations", "BooksBase.Migrations\BooksBase.Migrations.csproj", "{B2FFBD09-579D-497F-AC7E-C1859E695ADA}"
EndProject
Project("{9A19103F-16F7-4668-BE54-9A1E7A4F7556}") = "BooksBase.CoreFunctions", "BooksBase.CoreFunctions\BooksBase.CoreFunctions.csproj", "{EE8C185B-7AAD-463E-A5E2-967129067C7E}"
EndProject
Project("{2150E333-8FDC-42A3-9474-1A3956D46DE8}") = "entry", "entry", "{004680BB-849B-4C92-9419-EE3279966C60}"
EndProject
Project("{2150E333-8FDC-42A3-9474-1A3956D46DE8}") = "infrastructure", "infrastructure", "{EA298A4B-FC9A-46F1-91EF-92F8D0B78B74}"
EndProject
Project("{2150E333-8FDC-42A3-9474-1A3956D46DE8}") = "data", "data", "{E29DB134-5499-4D86-B00A-9ED2C464CD58}"
EndProject
Global
	GlobalSection(SolutionConfigurationPlatforms) = preSolution
		Debug|Any CPU = Debug|Any CPU
		Release|Any CPU = Release|Any CPU
	EndGlobalSection
	GlobalSection(ProjectConfigurationPlatforms) = postSolution
		{DBE04F97-33AD-4B8C-910A-679F31945A78}.Debug|Any CPU.ActiveCfg = Debug|Any CPU
		{DBE04F97-33AD-4B8C-910A-679F31945A78}.Debug|Any CPU.Build.0 = Debug|Any CPU
		{DBE04F97-33AD-4B8C-910A-679F31945A78}.Release|Any CPU.ActiveCfg = Release|Any CPU
		{DBE04F97-33AD-4B8C-910A-679F31945A78}.Release|Any CPU.Build.0 = Release|Any CPU
		{2A5A0286-45F3-4A8D-9224-A5700FAD9DC3}.Debug|Any CPU.ActiveCfg = Debug|Any CPU
		{2A5A0286-45F3-4A8D-9224-A5700FAD9DC3}.Debug|Any CPU.Build.0 = Debug|Any CPU
		{2A5A0286-45F3-4A8D-9224-A5700FAD9DC3}.Release|Any CPU.ActiveCfg = Release|Any CPU
		{2A5A0286-45F3-4A8D-9224-A5700FAD9DC3}.Release|Any CPU.Build.0 = Release|Any CPU
		{86E3833D-FA0E-4D43-91A5-140B0AE6D299}.Debug|Any CPU.ActiveCfg = Debug|Any CPU
		{86E3833D-FA0E-4D43-91A5-140B0AE6D299}.Debug|Any CPU.Build.0 = Debug|Any CPU
		{86E3833D-FA0E-4D43-91A5-140B0AE6D299}.Release|Any CPU.ActiveCfg = Release|Any CPU
		{86E3833D-FA0E-4D43-91A5-140B0AE6D299}.Release|Any CPU.Build.0 = Release|Any CPU
		{BC7F1F30-F198-4424-8B16-BC247A81861E}.Debug|Any CPU.ActiveCfg = Debug|Any CPU
		{BC7F1F30-F198-4424-8B16-BC247A81861E}.Debug|Any CPU.Build.0 = Debug|Any CPU
		{BC7F1F30-F198-4424-8B16-BC247A81861E}.Release|Any CPU.ActiveCfg = Release|Any CPU
		{BC7F1F30-F198-4424-8B16-BC247A81861E}.Release|Any CPU.Build.0 = Release|Any CPU
		{7039DF70-2865-4DBC-98BC-2522E0CAB5AA}.Debug|Any CPU.ActiveCfg = Debug|Any CPU
		{7039DF70-2865-4DBC-98BC-2522E0CAB5AA}.Debug|Any CPU.Build.0 = Debug|Any CPU
		{7039DF70-2865-4DBC-98BC-2522E0CAB5AA}.Release|Any CPU.ActiveCfg = Release|Any CPU
		{7039DF70-2865-4DBC-98BC-2522E0CAB5AA}.Release|Any CPU.Build.0 = Release|Any CPU
		{435F84FB-0D20-4483-86F0-2462C6F407C1}.Debug|Any CPU.ActiveCfg = Debug|Any CPU
		{435F84FB-0D20-4483-86F0-2462C6F407C1}.Debug|Any CPU.Build.0 = Debug|Any CPU
		{435F84FB-0D20-4483-86F0-2462C6F407C1}.Release|Any CPU.ActiveCfg = Release|Any CPU
		{435F84FB-0D20-4483-86F0-2462C6F407C1}.Release|Any CPU.Build.0 = Release|Any CPU
		{B2FFBD09-579D-497F-AC7E-C1859E695ADA}.Debug|Any CPU.ActiveCfg = Debug|Any CPU
		{B2FFBD09-579D-497F-AC7E-C1859E695ADA}.Debug|Any CPU.Build.0 = Debug|Any CPU
		{B2FFBD09-579D-497F-AC7E-C1859E695ADA}.Release|Any CPU.ActiveCfg = Release|Any CPU
		{B2FFBD09-579D-497F-AC7E-C1859E695ADA}.Release|Any CPU.Build.0 = Release|Any CPU
		{EE8C185B-7AAD-463E-A5E2-967129067C7E}.Debug|Any CPU.ActiveCfg = Debug|Any CPU
		{EE8C185B-7AAD-463E-A5E2-967129067C7E}.Debug|Any CPU.Build.0 = Debug|Any CPU
		{EE8C185B-7AAD-463E-A5E2-967129067C7E}.Release|Any CPU.ActiveCfg = Release|Any CPU
		{EE8C185B-7AAD-463E-A5E2-967129067C7E}.Release|Any CPU.Build.0 = Release|Any CPU
	EndGlobalSection
	GlobalSection(SolutionProperties) = preSolution
		HideSolutionNode = FALSE
	EndGlobalSection
	GlobalSection(NestedProjects) = preSolution
		{DBE04F97-33AD-4B8C-910A-679F31945A78} = {004680BB-849B-4C92-9419-EE3279966C60}
		{2A5A0286-45F3-4A8D-9224-A5700FAD9DC3} = {004680BB-849B-4C92-9419-EE3279966C60}
		{86E3833D-FA0E-4D43-91A5-140B0AE6D299} = {E29DB134-5499-4D86-B00A-9ED2C464CD58}
		{BC7F1F30-F198-4424-8B16-BC247A81861E} = {E29DB134-5499-4D86-B00A-9ED2C464CD58}
		{7039DF70-2865-4DBC-98BC-2522E0CAB5AA} = {EA298A4B-FC9A-46F1-91EF-92F8D0B78B74}
		{435F84FB-0D20-4483-86F0-2462C6F407C1} = {EA298A4B-FC9A-46F1-91EF-92F8D0B78B74}
		{B2FFBD09-579D-497F-AC7E-C1859E695ADA} = {EA298A4B-FC9A-46F1-91EF-92F8D0B78B74}
		{EE8C185B-7AAD-463E-A5E2-967129067C7E} = {EA298A4B-FC9A-46F1-91EF-92F8D0B78B74}
	EndGlobalSection
	GlobalSection(ExtensibilityGlobals) = postSolution
		SolutionGuid = {A66A07E7-08C4-4353-976E-41E6128C3BB1}
	EndGlobalSection
EndGlobal
